
Microsoft Visual Studio Solution File, Format Version 12.00
# Visual Studio Version 17
VisualStudioVersion = 17.5.33627.172
MinimumVisualStudioVersion = 10.0.40219.1
Project("{FAE04EC0-301F-11D3-BF4B-00C04F79EFBC}") = "SpriteSheetBuilder", "SpriteSheetBuilder\SpriteSheetBuilder.csproj", "{D4AC1724-A131-4ABA-A6E9-632922C8F449}"
EndProject
Project("{FAE04EC0-301F-11D3-BF4B-00C04F79EFBC}") = "SpriteSheetBuilderApp", "App\SpriteSheetBuilderApp.csproj", "{EE2599D6-2037-48CD-971B-7739C5636028}"
EndProject
Global
	GlobalSection(SolutionConfigurationPlatforms) = preSolution
		Debug|Any CPU = Debug|Any CPU
		Release|Any CPU = Release|Any CPU
	EndGlobalSection
	GlobalSection(ProjectConfigurationPlatforms) = postSolution
		{D4AC1724-A131-4ABA-A6E9-632922C8F449}.Debug|Any CPU.ActiveCfg = Debug|Any CPU
		{D4AC1724-A131-4ABA-A6E9-632922C8F449}.Debug|Any CPU.Build.0 = Debug|Any CPU
		{D4AC1724-A131-4ABA-A6E9-632922C8F449}.Release|Any CPU.ActiveCfg = Release|Any CPU
		{D4AC1724-A131-4ABA-A6E9-632922C8F449}.Release|Any CPU.Build.0 = Release|Any CPU
		{EE2599D6-2037-48CD-971B-7739C5636028}.Debug|Any CPU.ActiveCfg = Debug|Any CPU
		{EE2599D6-2037-48CD-971B-7739C5636028}.Debug|Any CPU.Build.0 = Debug|Any CPU
		{EE2599D6-2037-48CD-971B-7739C5636028}.Release|Any CPU.ActiveCfg = Release|Any CPU
		{EE2599D6-2037-48CD-971B-7739C5636028}.Release|Any CPU.Build.0 = Release|Any CPU
	EndGlobalSection
	GlobalSection(SolutionProperties) = preSolution
		HideSolutionNode = FALSE
	EndGlobalSection
EndGlobal
